
Microsoft Visual Studio Solution File, Format Version 12.00
# Visual Studio Version 16
VisualStudioVersion = 16.0.31624.102
MinimumVisualStudioVersion = 10.0.40219.1
Project("{9A19103F-16F7-4668-BE54-9A1E7A4F7556}") = "Entidades", "Entidades\Entidades.csproj", "{C638ADD7-DDD4-4F50-A6FC-5AC4AA574D19}"
EndProject
Project("{9A19103F-16F7-4668-BE54-9A1E7A4F7556}") = "FormCine", "FormCine\FormCine.csproj", "{BBF7C9EB-D45E-4CC5-8E3E-40907076736F}"
EndProject
Project("{9A19103F-16F7-4668-BE54-9A1E7A4F7556}") = "TestCine", "TestCine\TestCine.csproj", "{3887C396-5D8F-4399-A8E6-5B97061BA3F9}"
EndProject
Project("{FAE04EC0-301F-11D3-BF4B-00C04F79EFBC}") = "Test", "Test\Test.csproj", "{1C4DEE56-C222-4F5A-AAF6-1FE5DD7BFAA4}"
EndProject
Global
	GlobalSection(SolutionConfigurationPlatforms) = preSolution
		Debug|Any CPU = Debug|Any CPU
		Release|Any CPU = Release|Any CPU
	EndGlobalSection
	GlobalSection(ProjectConfigurationPlatforms) = postSolution
		{C638ADD7-DDD4-4F50-A6FC-5AC4AA574D19}.Debug|Any CPU.ActiveCfg = Debug|Any CPU
		{C638ADD7-DDD4-4F50-A6FC-5AC4AA574D19}.Debug|Any CPU.Build.0 = Debug|Any CPU
		{C638ADD7-DDD4-4F50-A6FC-5AC4AA574D19}.Release|Any CPU.ActiveCfg = Release|Any CPU
		{C638ADD7-DDD4-4F50-A6FC-5AC4AA574D19}.Release|Any CPU.Build.0 = Release|Any CPU
		{BBF7C9EB-D45E-4CC5-8E3E-40907076736F}.Debug|Any CPU.ActiveCfg = Debug|Any CPU
		{BBF7C9EB-D45E-4CC5-8E3E-40907076736F}.Debug|Any CPU.Build.0 = Debug|Any CPU
		{BBF7C9EB-D45E-4CC5-8E3E-40907076736F}.Release|Any CPU.ActiveCfg = Release|Any CPU
		{BBF7C9EB-D45E-4CC5-8E3E-40907076736F}.Release|Any CPU.Build.0 = Release|Any CPU
		{3887C396-5D8F-4399-A8E6-5B97061BA3F9}.Debug|Any CPU.ActiveCfg = Debug|Any CPU
		{3887C396-5D8F-4399-A8E6-5B97061BA3F9}.Debug|Any CPU.Build.0 = Debug|Any CPU
		{3887C396-5D8F-4399-A8E6-5B97061BA3F9}.Release|Any CPU.ActiveCfg = Release|Any CPU
		{3887C396-5D8F-4399-A8E6-5B97061BA3F9}.Release|Any CPU.Build.0 = Release|Any CPU
		{1C4DEE56-C222-4F5A-AAF6-1FE5DD7BFAA4}.Debug|Any CPU.ActiveCfg = Debug|Any CPU
		{1C4DEE56-C222-4F5A-AAF6-1FE5DD7BFAA4}.Debug|Any CPU.Build.0 = Debug|Any CPU
		{1C4DEE56-C222-4F5A-AAF6-1FE5DD7BFAA4}.Release|Any CPU.ActiveCfg = Release|Any CPU
		{1C4DEE56-C222-4F5A-AAF6-1FE5DD7BFAA4}.Release|Any CPU.Build.0 = Release|Any CPU
	EndGlobalSection
	GlobalSection(SolutionProperties) = preSolution
		HideSolutionNode = FALSE
	EndGlobalSection
	GlobalSection(ExtensibilityGlobals) = postSolution
		SolutionGuid = {E441A80A-8681-4BEB-A05D-046C45CA65CA}
	EndGlobalSection
EndGlobal
