
Microsoft Visual Studio Solution File, Format Version 12.00
# Visual Studio Version 16
VisualStudioVersion = 16.0.31624.102
MinimumVisualStudioVersion = 10.0.40219.1
Project("{9A19103F-16F7-4668-BE54-9A1E7A4F7556}") = "Tp1", "Tp1\Tp1.csproj", "{254E89AF-6BC9-4630-BB11-B7E427ADFAC8}"
EndProject
Project("{9A19103F-16F7-4668-BE54-9A1E7A4F7556}") = "Entidades", "Entidades\Entidades.csproj", "{8DE1F595-FF41-4AE2-89C3-39113BE572F4}"
EndProject
Project("{FAE04EC0-301F-11D3-BF4B-00C04F79EFBC}") = "MiCalculadora", "MiCalculadora\MiCalculadora.csproj", "{75D171EA-82F8-45E3-BE70-E65759113C3E}"
EndProject
Global
	GlobalSection(SolutionConfigurationPlatforms) = preSolution
		Debug|Any CPU = Debug|Any CPU
		Release|Any CPU = Release|Any CPU
	EndGlobalSection
	GlobalSection(ProjectConfigurationPlatforms) = postSolution
		{254E89AF-6BC9-4630-BB11-B7E427ADFAC8}.Debug|Any CPU.ActiveCfg = Debug|Any CPU
		{254E89AF-6BC9-4630-BB11-B7E427ADFAC8}.Debug|Any CPU.Build.0 = Debug|Any CPU
		{254E89AF-6BC9-4630-BB11-B7E427ADFAC8}.Release|Any CPU.ActiveCfg = Release|Any CPU
		{254E89AF-6BC9-4630-BB11-B7E427ADFAC8}.Release|Any CPU.Build.0 = Release|Any CPU
		{8DE1F595-FF41-4AE2-89C3-39113BE572F4}.Debug|Any CPU.ActiveCfg = Debug|Any CPU
		{8DE1F595-FF41-4AE2-89C3-39113BE572F4}.Debug|Any CPU.Build.0 = Debug|Any CPU
		{8DE1F595-FF41-4AE2-89C3-39113BE572F4}.Release|Any CPU.ActiveCfg = Release|Any CPU
		{8DE1F595-FF41-4AE2-89C3-39113BE572F4}.Release|Any CPU.Build.0 = Release|Any CPU
		{75D171EA-82F8-45E3-BE70-E65759113C3E}.Debug|Any CPU.ActiveCfg = Debug|Any CPU
		{75D171EA-82F8-45E3-BE70-E65759113C3E}.Debug|Any CPU.Build.0 = Debug|Any CPU
		{75D171EA-82F8-45E3-BE70-E65759113C3E}.Release|Any CPU.ActiveCfg = Release|Any CPU
		{75D171EA-82F8-45E3-BE70-E65759113C3E}.Release|Any CPU.Build.0 = Release|Any CPU
	EndGlobalSection
	GlobalSection(SolutionProperties) = preSolution
		HideSolutionNode = FALSE
	EndGlobalSection
	GlobalSection(ExtensibilityGlobals) = postSolution
		SolutionGuid = {150F3056-8B5F-4BCE-A02F-98EBC4B77D71}
	EndGlobalSection
EndGlobal
